# This manifest was generated by flux-operator. DO NOT EDIT.
apiVersion: agent.fluxcd.controlplane.io/v1
kind: Catalog
spec:
  sources:
  - repository: ghcr.io/fluxcd/agent-skills
    tag: latest
    targetAgents:
    - universal
    verify:
      matchOIDCIdentity:
      - issuer: https://token.actions.githubusercontent.com
        subject: ^https://github\.com/fluxcd/.*$
      provider: cosign
status:
  inventory:
  - annotations:
      org.opencontainers.image.created: "2026-07-22T14:03:01+02:00"
      org.opencontainers.image.description: AI Agent Skills for Flux CD
      org.opencontainers.image.licenses: Apache-2.0
      org.opencontainers.image.revision: refs/tags/v0.2.0@sha1:9b05787530a3e200a9ac031fc8a477566e0b7adc
      org.opencontainers.image.source: https://github.com/fluxcd/agent-skills
      org.opencontainers.image.version: v0.2.0
    digest: sha256:97c08152e19b8105338d0d66db76828b919f244f450a530ff0815c5cf82229d9
    id: 8e890a5d
    lastUpdateAt: "2026-07-25T02:29:57Z"
    skills:
    - checksum: h1:YFxhP9JUg/NMAD/u1DRt5OzdG5Le004+F2F+PBcZwkE=
      name: gitops-cluster-debug
    - checksum: h1:HTvu2y35KBkEEQ2CE9tm7FJnenl/RkjEu3trSU2jxWo=
      name: gitops-knowledge
    - checksum: h1:KpDls5MVF+pVBEbnsXWR3Wv3G1+VOO9jFY1cIc5LlKg=
      name: gitops-repo-audit
    url: ghcr.io/fluxcd/agent-skills:latest
